// !$*UTF8*$!
{
	archiveVersion = 1;
	classes = {
	};
	objectVersion = 46;
	objects = {

/* Begin PBXBuildFile section */
		45BC57A21C9D653C00B45783 /* AppDelegate.swift in Sources */ = {isa = PBXBuildFile; fileRef = 45BC57A11C9D653C00B45783 /* AppDelegate.swift */; };
		45BC57A41C9D653C00B45783 /* ViewController.swift in Sources */ = {isa = PBXBuildFile; fileRef = 45BC57A31C9D653C00B45783 /* ViewController.swift */; };
		45BC57A71C9D653C00B45783 /* Main.storyboard in Resources */ = {isa = PBXBuildFile; fileRef = 45BC57A51C9D653C00B45783 /* Main.storyboard */; };
		45BC57A91C9D653C00B45783 /* Assets.xcassets in Resources */ = {isa = PBXBuildFile; fileRef = 45BC57A81C9D653C00B45783 /* Assets.xcassets */; };
		45BC57AC1C9D653C00B45783 /* LaunchScreen.storyboard in Resources */ = {isa = PBXBuildFile; fileRef = 45BC57AA1C9D653C00B45783 /* LaunchScreen.storyboard */; };
		45BC57B71C9D675600B45783 /* r2d2-squeaks1.mp3 in Resources */ = {isa = PBXBuildFile; fileRef = 45BC57B41C9D675600B45783 /* r2d2-squeaks1.mp3 */; };
		45BC57B81C9D675600B45783 /* saberon.mp3 in Resources */ = {isa = PBXBuildFile; fileRef = 45BC57B51C9D675600B45783 /* saberon.mp3 */; };
		45BC57B91C9D675600B45783 /* yoda-thereIsNoTry.mp3 in Resources */ = {isa = PBXBuildFile; fileRef = 45BC57B61C9D675600B45783 /* yoda-thereIsNoTry.mp3 */; };
		45BC57BB1C9D6B4300B45783 /* vader_no.mp3 in Resources */ = {isa = PBXBuildFile; fileRef = 45BC57BA1C9D6B4300B45783 /* vader_no.mp3 */; };
		45BC57BD1C9D70F300B45783 /* starWars-mainTitle.mp3 in Resources */ = {isa = PBXBuildFile; fileRef = 45BC57BC1C9D70F300B45783 /* starWars-mainTitle.mp3 */; };
/* End PBXBuildFile section */

/* Begin PBXFileReference section */
		45BC579E1C9D653C00B45783 /* StarWarsAudio.app */ = {isa = PBXFileReference; explicitFileType = wrapper.application; includeInIndex = 0; path = StarWarsAudio.app; sourceTree = BUILT_PRODUCTS_DIR; };
		45BC57A11C9D653C00B45783 /* AppDelegate.swift */ = {isa = PBXFileReference; lastKnownFileType = sourcecode.swift; path = AppDelegate.swift; sourceTree = "<group>"; };
		45BC57A31C9D653C00B45783 /* ViewController.swift */ = {isa = PBXFileReference; lastKnownFileType = sourcecode.swift; path = ViewController.swift; sourceTree = "<group>"; };
		45BC57A61C9D653C00B45783 /* Base */ = {isa = PBXFileReference; lastKnownFileType = file.storyboard; name = Base; path = Base.lproj/Main.storyboard; sourceTree = "<group>"; };
		45BC57A81C9D653C00B45783 /* Assets.xcassets */ = {isa = PBXFileReference; lastKnownFileType = folder.assetcatalog; path = Assets.xcassets; sourceTree = "<group>"; };
		45BC57AB1C9D653C00B45783 /* Base */ = {isa = PBXFileReference; lastKnownFileType = file.storyboard; name = Base; path = Base.lproj/LaunchScreen.storyboard; sourceTree = "<group>"; };
		45BC57AD1C9D653C00B45783 /* Info.plist */ = {isa = PBXFileReference; lastKnownFileType = text.plist.xml; path = Info.plist; sourceTree = "<group>"; };
		45BC57B41C9D675600B45783 /* r2d2-squeaks1.mp3 */ = {isa = PBXFileReference; lastKnownFileType = audio.mp3; path = "r2d2-squeaks1.mp3"; sourceTree = "<group>"; };
		45BC57B51C9D675600B45783 /* saberon.mp3 */ = {isa = PBXFileReference; lastKnownFileType = audio.mp3; path = saberon.mp3; sourceTree = "<group>"; };
		45BC57B61C9D675600B45783 /* yoda-thereIsNoTry.mp3 */ = {isa = PBXFileReference; lastKnownFileType = audio.mp3; path = "yoda-thereIsNoTry.mp3"; sourceTree = "<group>"; };
		45BC57BA1C9D6B4300B45783 /* vader_no.mp3 */ = {isa = PBXFileReference; lastKnownFileType = audio.mp3; path = vader_no.mp3; sourceTree = "<group>"; };
		45BC57BC1C9D70F300B45783 /* starWars-mainTitle.mp3 */ = {isa = PBXFileReference; lastKnownFileType = audio.mp3; path = "starWars-mainTitle.mp3"; sourceTree = "<group>"; };
/* End PBXFileReference section */

/* Begin PBXFrameworksBuildPhase section */
		45BC579B1C9D653C00B45783 /* Frameworks */ = {
			isa = PBXFrameworksBuildPhase;
			buildActionMask = 2147483647;
			files = (
			);
			runOnlyForDeploymentPostprocessing = 0;
		};
/* End PBXFrameworksBuildPhase section */

/* Begin PBXGroup section */
		45BC57951C9D653C00B45783 = {
			isa = PBXGroup;
			children = (
				45BC57A01C9D653C00B45783 /* StarWarsAudio */,
				45BC579F1C9D653C00B45783 /* Products */,
			);
			sourceTree = "<group>";
		};
		45BC579F1C9D653C00B45783 /* Products */ = {
			isa = PBXGroup;
			children = (
				45BC579E1C9D653C00B45783 /* StarWarsAudio.app */,
			);
			name = Products;
			sourceTree = "<group>";
		};
		45BC57A01C9D653C00B45783 /* StarWarsAudio */ = {
			isa = PBXGroup;
			children = (
				45BC57A11C9D653C00B45783 /* AppDelegate.swift */,
				45BC57A31C9D653C00B45783 /* ViewController.swift */,
				45BC57A51C9D653C00B45783 /* Main.storyboard */,
				45BC57A81C9D653C00B45783 /* Assets.xcassets */,
				45BC57B31C9D675600B45783 /* Audio */,
				45BC57AA1C9D653C00B45783 /* LaunchScreen.storyboard */,
				45BC57AD1C9D653C00B45783 /* Info.plist */,
			);
			path = StarWarsAudio;
			sourceTree = "<group>";
		};
		45BC57B31C9D675600B45783 /* Audio */ = {
			isa = PBXGroup;
			children = (
				45BC57B41C9D675600B45783 /* r2d2-squeaks1.mp3 */,
				45BC57B51C9D675600B45783 /* saberon.mp3 */,
				45BC57B61C9D675600B45783 /* yoda-thereIsNoTry.mp3 */,
				45BC57BA1C9D6B4300B45783 /* vader_no.mp3 */,
				45BC57BC1C9D70F300B45783 /* starWars-mainTitle.mp3 */,
			);
			path = Audio;
			sourceTree = "<group>";
		};
/* End PBXGroup section */

/* Begin PBXNativeTarget section */
		45BC579D1C9D653C00B45783 /* StarWarsAudio */ = {
			isa = PBXNativeTarget;
			buildConfigurationList = 45BC57B01C9D653C00B45783 /* Build configuration list for PBXNativeTarget "StarWarsAudio" */;
			buildPhases = (
				45BC579A1C9D653C00B45783 /* Sources */,
				45BC579B1C9D653C00B45783 /* Frameworks */,
				45BC579C1C9D653C00B45783 /* Resources */,
			);
			buildRules = (
			);
			dependencies = (
			);
			name = StarWarsAudio;
			productName = StarWarsAudio;
			productReference = 45BC579E1C9D653C00B45783 /* StarWarsAudio.app */;
			productType = "com.apple.product-type.application";
		};
/* End PBXNativeTarget section */

/* Begin PBXProject section */
		45BC57961C9D653C00B45783 /* Project object */ = {
			isa = PBXProject;
			attributes = {
				LastSwiftUpdateCheck = 0720;
				LastUpgradeCheck = 0720;
				ORGANIZATIONNAME = FrostDigital;
				TargetAttributes = {
					45BC579D1C9D653C00B45783 = {
						CreatedOnToolsVersion = 7.2.1;
					};
				};
			};
			buildConfigurationList = 45BC57991C9D653C00B45783 /* Build configuration list for PBXProject "StarWarsAudio" */;
			compatibilityVersion = "Xcode 3.2";
			developmentRegion = English;
			hasScannedForEncodings = 0;
			knownRegions = (
				en,
				Base,
			);
			mainGroup = 45BC57951C9D653C00B45783;
			productRefGroup = 45BC579F1C9D653C00B45783 /* Products */;
			projectDirPath = "";
			projectRoot = "";
			targets = (
				45BC579D1C9D653C00B45783 /* StarWarsAudio */,
			);
		};
/* End PBXProject section */

/* Begin PBXResourcesBuildPhase section */
		45BC579C1C9D653C00B45783 /* Resources */ = {
			isa = PBXResourcesBuildPhase;
			buildActionMask = 2147483647;
			files = (
				45BC57B71C9D675600B45783 /* r2d2-squeaks1.mp3 in Resources */,
				45BC57BB1C9D6B4300B45783 /* vader_no.mp3 in Resources */,
				45BC57B91C9D675600B45783 /* yoda-thereIsNoTry.mp3 in Resources */,
				45BC57AC1C9D653C00B45783 /* LaunchScreen.storyboard in Resources */,
				45BC57A91C9D653C00B45783 /* Assets.xcassets in Resources */,
				45BC57A71C9D653C00B45783 /* Main.storyboard in Resources */,
				45BC57B81C9D675600B45783 /* saberon.mp3 in Resources */,
				45BC57BD1C9D70F300B45783 /* starWars-mainTitle.mp3 in Resources */,
			);
			runOnlyForDeploymentPostprocessing = 0;
		};
/* End PBXResourcesBuildPhase section */

/* Begin PBXSourcesBuildPhase section */
		45BC579A1C9D653C00B45783 /* Sources */ = {
			isa = PBXSourcesBuildPhase;
			buildActionMask = 2147483647;
			files = (
				45BC57A41C9D653C00B45783 /* ViewController.swift in Sources */,
				45BC57A21C9D653C00B45783 /* AppDelegate.swift in Sources */,
			);
			runOnlyForDeploymentPostprocessing = 0;
		};
/* End PBXSourcesBuildPhase section */

/* Begin PBXVariantGroup section */
		45BC57A51C9D653C00B45783 /* Main.storyboard */ = {
			isa = PBXVariantGroup;
			children = (
				45BC57A61C9D653C00B45783 /* Base */,
			);
			name = Main.storyboard;
			sourceTree = "<group>";
		};
		45BC57AA1C9D653C00B45783 /* LaunchScreen.storyboard */ = {
			isa = PBXVariantGroup;
			children = (
				45BC57AB1C9D653C00B45783 /* Base */,
			);
			name = LaunchScreen.storyboard;
			sourceTree = "<group>";
		};
/* End PBXVariantGroup section */

/* Begin XCBuildConfiguration section */
		45BC57AE1C9D653C00B45783 /* Debug */ = {
			isa = XCBuildConfiguration;
			buildSettings = {
				ALWAYS_SEARCH_USER_PATHS = NO;
				CLANG_CXX_LANGUAGE_STANDARD = "gnu++0x";
				CLANG_CXX_LIBRARY = "libc++";
				CLANG_ENABLE_MODULES = YES;
				CLANG_ENABLE_OBJC_ARC = YES;
				CLANG_WARN_BOOL_CONVERSION = YES;
				CLANG_WARN_CONSTANT_CONVERSION = YES;
				CLANG_WARN_DIRECT_OBJC_ISA_USAGE = YES_ERROR;
				CLANG_WARN_EMPTY_BODY = YES;
				CLANG_WARN_ENUM_CONVERSION = YES;
				CLANG_WARN_INT_CONVERSION = YES;
				CLANG_WARN_OBJC_ROOT_CLASS = YES_ERROR;
				CLANG_WARN_UNREACHABLE_CODE = YES;
				CLANG_WARN__DUPLICATE_METHOD_MATCH = YES;
				"CODE_SIGN_IDENTITY[sdk=iphoneos*]" = "iPhone Developer";
				COPY_PHASE_STRIP = NO;
				DEBUG_INFORMATION_FORMAT = dwarf;
				ENABLE_STRICT_OBJC_MSGSEND = YES;
				ENABLE_TESTABILITY = YES;
				GCC_C_LANGUAGE_STANDARD = gnu99;
				GCC_DYNAMIC_NO_PIC = NO;
				GCC_NO_COMMON_BLOCKS = YES;
				GCC_OPTIMIZATION_LEVEL = 0;
				GCC_PREPROCESSOR_DEFINITIONS = (
					"DEBUG=1",
					"$(inherited)",
				);
				GCC_WARN_64_TO_32_BIT_CONVERSION = YES;
				GCC_WARN_ABOUT_RETURN_TYPE = YES_ERROR;
				GCC_WARN_UNDECLARED_SELECTOR = YES;
				GCC_WARN_UNINITIALIZED_AUTOS = YES_AGGRESSIVE;
				GCC_WARN_UNUSED_FUNCTION = YES;
				GCC_WARN_UNUSED_VARIABLE = YES;
				IPHONEOS_DEPLOYMENT_TARGET = 9.2;
				MTL_ENABLE_DEBUG_INFO = YES;
				ONLY_ACTIVE_ARCH = YES;
				SDKROOT = iphoneos;
				SWIFT_OPTIMIZATION_LEVEL = "-Onone";
			};
			name = Debug;
		};
		45BC57AF1C9D653C00B45783 /* Release */ = {
			isa = XCBuildConfiguration;
			buildSettings = {
				ALWAYS_SEARCH_USER_PATHS = NO;
				CLANG_CXX_LANGUAGE_STANDARD = "gnu++0x";
				CLANG_CXX_LIBRARY = "libc++";
				CLANG_ENABLE_MODULES = YES;
				CLANG_ENABLE_OBJC_ARC = YES;
				CLANG_WARN_BOOL_CONVERSION = YES;
				CLANG_WARN_CONSTANT_CONVERSION = YES;
				CLANG_WARN_DIRECT_OBJC_ISA_USAGE = YES_ERROR;
				CLANG_WARN_EMPTY_BODY = YES;
				CLANG_WARN_ENUM_CONVERSION = YES;
				CLANG_WARN_INT_CONVERSION = YES;
				CLANG_WARN_OBJC_ROOT_CLASS = YES_ERROR;
				CLANG_WARN_UNREACHABLE_CODE = YES;
				CLANG_WARN__DUPLICATE_METHOD_MATCH = YES;
				"CODE_SIGN_IDENTITY[sdk=iphoneos*]" = "iPhone Developer";
				COPY_PHASE_STRIP = NO;
				DEBUG_INFORMATION_FORMAT = "dwarf-with-dsym";
				ENABLE_NS_ASSERTIONS = NO;
				ENABLE_STRICT_OBJC_MSGSEND = YES;
				GCC_C_LANGUAGE_STANDARD = gnu99;
				GCC_NO_COMMON_BLOCKS = YES;
				GCC_WARN_64_TO_32_BIT_CONVERSION = YES;
				GCC_WARN_ABOUT_RETURN_TYPE = YES_ERROR;
				GCC_WARN_UNDECLARED_SELECTOR = YES;
				GCC_WARN_UNINITIALIZED_AUTOS = YES_AGGRESSIVE;
				GCC_WARN_UNUSED_FUNCTION = YES;
				GCC_WARN_UNUSED_VARIABLE = YES;
				IPHONEOS_DEPLOYMENT_TARGET = 9.2;
				MTL_ENABLE_DEBUG_INFO = NO;
				SDKROOT = iphoneos;
				VALIDATE_PRODUCT = YES;
			};
			name = Release;
		};
		45BC57B11C9D653C00B45783 /* Debug */ = {
			isa = XCBuildConfiguration;
			buildSettings = {
				ASSETCATALOG_COMPILER_APPICON_NAME = AppIcon;
				INFOPLIST_FILE = StarWarsAudio/Info.plist;
				LD_RUNPATH_SEARCH_PATHS = "$(inherited) @executable_path/Frameworks";
				PRODUCT_BUNDLE_IDENTIFIER = FD.StarWarsAudio;
				PRODUCT_NAME = "$(TARGET_NAME)";
			};
			name = Debug;
		};
		45BC57B21C9D653C00B45783 /* Release */ = {
			isa = XCBuildConfiguration;
			buildSettings = {
				ASSETCATALOG_COMPILER_APPICON_NAME = AppIcon;
				INFOPLIST_FILE = StarWarsAudio/Info.plist;
				LD_RUNPATH_SEARCH_PATHS = "$(inherited) @executable_path/Frameworks";
				PRODUCT_BUNDLE_IDENTIFIER = FD.StarWarsAudio;
				PRODUCT_NAME = "$(TARGET_NAME)";
			};
			name = Release;
		};
/* End XCBuildConfiguration section */

/* Begin XCConfigurationList section */
		45BC57991C9D653C00B45783 /* Build configuration list for PBXProject "StarWarsAudio" */ = {
			isa = XCConfigurationList;
			buildConfigurations = (
				45BC57AE1C9D653C00B45783 /* Debug */,
				45BC57AF1C9D653C00B45783 /* Release */,
			);
			defaultConfigurationIsVisible = 0;
			defaultConfigurationName = Release;
		};
		45BC57B01C9D653C00B45783 /* Build configuration list for PBXNativeTarget "StarWarsAudio" */ = {
			isa = XCConfigurationList;
			buildConfigurations = (
				45BC57B11C9D653C00B45783 /* Debug */,
				45BC57B21C9D653C00B45783 /* Release */,
			);
			defaultConfigurationIsVisible = 0;
		};
/* End XCConfigurationList section */
	};
	rootObject = 45BC57961C9D653C00B45783 /* Project object */;
}
